{
    "_readme": [
        "This file locks the dependencies of your project to a known state",
        "Read more about it at https://getcomposer.org/doc/01-basic-usage.md#installing-dependencies",
        "This file is @generated automatically"
    ],
    "content-hash": "865db446420fc995794ed20424c6f6f6",
    "packages": [
        {
            "name": "lenga/engine",
            "version": "dev-develop",
            "source": {
                "type": "git",
                "url": "https://github.com/lengaengine/php-engine.git",
                "reference": "1a2dcd18f8eb6afb4149af818f7cfb9cc5a5ee2b"
            },
            "dist": {
                "type": "zip",
                "url": "https://api.github.com/repos/lengaengine/php-engine/zipball/1a2dcd18f8eb6afb4149af818f7cfb9cc5a5ee2b",
                "reference": "1a2dcd18f8eb6afb4149af818f7cfb9cc5a5ee2b",
                "shasum": ""
            },
            "require": {
                "ext-json": "*",
                "ext-mbstring": "*",
                "php": "^8.5"
            },
            "require-dev": {
                "ext-dom": "*",
                "ext-libxml": "*",
                "ext-tokenizer": "*",
                "ext-xml": "*",
                "ext-xmlwriter": "*",
                "phpunit/phpunit": "^11.0"
            },
            "type": "library",
            "autoload": {
                "psr-4": {
                    "Lenga\\Engine\\": "src/"
                }
            },
            "autoload-dev": {
                "psr-4": {
                    "Lenga\\Engine\\Tests\\": "tests/"
                }
            },
            "scripts": {
                "test": [
                    "phpunit"
                ]
            },
            "license": [
                "proprietary"
            ],
            "description": "Lenga Engine PHP runtime bindings",
            "support": {
                "source": "https://github.com/lengaengine/php-engine/tree/develop",
                "issues": "https://github.com/lengaengine/php-engine/issues"
            },
            "time": "2026-08-01T18:32:22+00:00"
        }
    ],
    "packages-dev": [],
    "aliases": [],
    "minimum-stability": "stable",
    "stability-flags": {
        "lenga/engine": 20
    },
    "prefer-stable": false,
    "prefer-lowest": false,
    "platform": {
        "php": "^8.5"
    },
    "platform-dev": {},
    "plugin-api-version": "2.9.0"
}
